
Microsoft Visual Studio Solution File, Format Version 12.00
# Visual Studio 2013
VisualStudioVersion = 12.0.31101.0
MinimumVisualStudioVersion = 10.0.40219.1
Project("{8BC9CEB8-8B4A-11D0-8D11-00A0C91BC942}") = "MinimalAreaTriangulation", "MinimalAreaTriangulation\MinimalAreaTriangulation.vcxproj", "{0122C828-C599-4425-B699-2A1D30506CA5}"
EndProject
Project("{8BC9CEB8-8B4A-11D0-8D11-00A0C91BC942}") = "MinCostTriangulation", "MinCostTriangulation\MinCostTriangulation.vcxproj", "{1E861DEB-F3EC-4126-A1F9-3B7B1BAA7D29}"
EndProject
Project("{8BC9CEB8-8B4A-11D0-8D11-00A0C91BC942}") = "Polynomial", "Polynomial\Polynomial.vcxproj", "{EB1F0A1A-9B3C-45CD-B9F4-DA89C7454C4C}"
EndProject
Global
	GlobalSection(SolutionConfigurationPlatforms) = preSolution
		Debug|Win32 = Debug|Win32
		Release|Win32 = Release|Win32
	EndGlobalSection
	GlobalSection(ProjectConfigurationPlatforms) = postSolution
		{0122C828-C599-4425-B699-2A1D30506CA5}.Debug|Win32.ActiveCfg = Debug|Win32
		{0122C828-C599-4425-B699-2A1D30506CA5}.Debug|Win32.Build.0 = Debug|Win32
		{0122C828-C599-4425-B699-2A1D30506CA5}.Release|Win32.ActiveCfg = Release|Win32
		{0122C828-C599-4425-B699-2A1D30506CA5}.Release|Win32.Build.0 = Release|Win32
		{1E861DEB-F3EC-4126-A1F9-3B7B1BAA7D29}.Debug|Win32.ActiveCfg = Debug|Win32
		{1E861DEB-F3EC-4126-A1F9-3B7B1BAA7D29}.Debug|Win32.Build.0 = Debug|Win32
		{1E861DEB-F3EC-4126-A1F9-3B7B1BAA7D29}.Release|Win32.ActiveCfg = Release|Win32
		{1E861DEB-F3EC-4126-A1F9-3B7B1BAA7D29}.Release|Win32.Build.0 = Release|Win32
		{EB1F0A1A-9B3C-45CD-B9F4-DA89C7454C4C}.Debug|Win32.ActiveCfg = Debug|Win32
		{EB1F0A1A-9B3C-45CD-B9F4-DA89C7454C4C}.Debug|Win32.Build.0 = Debug|Win32
		{EB1F0A1A-9B3C-45CD-B9F4-DA89C7454C4C}.Release|Win32.ActiveCfg = Release|Win32
		{EB1F0A1A-9B3C-45CD-B9F4-DA89C7454C4C}.Release|Win32.Build.0 = Release|Win32
	EndGlobalSection
	GlobalSection(SolutionProperties) = preSolution
		HideSolutionNode = FALSE
	EndGlobalSection
EndGlobal
