
Microsoft Visual Studio Solution File, Format Version 12.00
# Visual Studio 2013
VisualStudioVersion = 12.0.31101.0
MinimumVisualStudioVersion = 10.0.40219.1
Project("{8BC9CEB8-8B4A-11D0-8D11-00A0C91BC942}") = "stl_samples", "stl_samples\stl_samples.vcxproj", "{0BDD4F8A-C98E-4360-87DD-8CFAC600516B}"
EndProject
Project("{8BC9CEB8-8B4A-11D0-8D11-00A0C91BC942}") = "DesignPattern", "DesignPattern\DesignPattern.vcxproj", "{293DEA46-43B4-4273-BC91-7E73044F17E8}"
EndProject
Project("{8BC9CEB8-8B4A-11D0-8D11-00A0C91BC942}") = "Numeric", "Numeric\Numeric.vcxproj", "{C0D04AAD-C748-471B-A217-EE1F5510E8C2}"
EndProject
Project("{8BC9CEB8-8B4A-11D0-8D11-00A0C91BC942}") = "stl_compare", "stl_compare\stl_compare.vcxproj", "{FE15188D-F7DC-4EC5-836D-283EA48D4218}"
EndProject
Project("{8BC9CEB8-8B4A-11D0-8D11-00A0C91BC942}") = "CacheLinePerformance", "CacheLinePerformance\CacheLinePerformance.vcxproj", "{619E751F-8B4E-44F7-A939-B2160A5DF1C5}"
EndProject
Global
	GlobalSection(SolutionConfigurationPlatforms) = preSolution
		Debug|Win32 = Debug|Win32
		Release|Win32 = Release|Win32
	EndGlobalSection
	GlobalSection(ProjectConfigurationPlatforms) = postSolution
		{0BDD4F8A-C98E-4360-87DD-8CFAC600516B}.Debug|Win32.ActiveCfg = Debug|Win32
		{0BDD4F8A-C98E-4360-87DD-8CFAC600516B}.Debug|Win32.Build.0 = Debug|Win32
		{0BDD4F8A-C98E-4360-87DD-8CFAC600516B}.Release|Win32.ActiveCfg = Release|Win32
		{0BDD4F8A-C98E-4360-87DD-8CFAC600516B}.Release|Win32.Build.0 = Release|Win32
		{293DEA46-43B4-4273-BC91-7E73044F17E8}.Debug|Win32.ActiveCfg = Debug|Win32
		{293DEA46-43B4-4273-BC91-7E73044F17E8}.Debug|Win32.Build.0 = Debug|Win32
		{293DEA46-43B4-4273-BC91-7E73044F17E8}.Release|Win32.ActiveCfg = Release|Win32
		{293DEA46-43B4-4273-BC91-7E73044F17E8}.Release|Win32.Build.0 = Release|Win32
		{C0D04AAD-C748-471B-A217-EE1F5510E8C2}.Debug|Win32.ActiveCfg = Debug|Win32
		{C0D04AAD-C748-471B-A217-EE1F5510E8C2}.Debug|Win32.Build.0 = Debug|Win32
		{C0D04AAD-C748-471B-A217-EE1F5510E8C2}.Release|Win32.ActiveCfg = Release|Win32
		{C0D04AAD-C748-471B-A217-EE1F5510E8C2}.Release|Win32.Build.0 = Release|Win32
		{FE15188D-F7DC-4EC5-836D-283EA48D4218}.Debug|Win32.ActiveCfg = Debug|Win32
		{FE15188D-F7DC-4EC5-836D-283EA48D4218}.Debug|Win32.Build.0 = Debug|Win32
		{FE15188D-F7DC-4EC5-836D-283EA48D4218}.Release|Win32.ActiveCfg = Release|Win32
		{FE15188D-F7DC-4EC5-836D-283EA48D4218}.Release|Win32.Build.0 = Release|Win32
		{619E751F-8B4E-44F7-A939-B2160A5DF1C5}.Debug|Win32.ActiveCfg = Debug|Win32
		{619E751F-8B4E-44F7-A939-B2160A5DF1C5}.Debug|Win32.Build.0 = Debug|Win32
		{619E751F-8B4E-44F7-A939-B2160A5DF1C5}.Release|Win32.ActiveCfg = Release|Win32
		{619E751F-8B4E-44F7-A939-B2160A5DF1C5}.Release|Win32.Build.0 = Release|Win32
	EndGlobalSection
	GlobalSection(SolutionProperties) = preSolution
		HideSolutionNode = FALSE
	EndGlobalSection
EndGlobal
